
Microsoft Visual Studio Solution File, Format Version 12.00
# Visual Studio 15
VisualStudioVersion = 15.0.27703.2047
MinimumVisualStudioVersion = 10.0.40219.1
Project("{8BC9CEB8-8B4A-11D0-8D11-00A0C91BC942}") = "Hackerrank", "Hackerrank\Hackerrank.vcxproj", "{B372090C-D3CC-4ADF-A5B4-6DAA46FEC1E5}"
EndProject
Project("{888888A0-9F3D-457C-B088-3A5042F75D52}") = "PythonSolutions", "PythonSolutions\PythonSolutions.pyproj", "{885D1B97-926B-4BBD-AAAA-407541258D8B}"
EndProject
Global
	GlobalSection(SolutionConfigurationPlatforms) = preSolution
		Debug|Any CPU = Debug|Any CPU
		Debug|x64 = Debug|x64
		Debug|x86 = Debug|x86
		Release|Any CPU = Release|Any CPU
		Release|x64 = Release|x64
		Release|x86 = Release|x86
	EndGlobalSection
	GlobalSection(ProjectConfigurationPlatforms) = postSolution
		{B372090C-D3CC-4ADF-A5B4-6DAA46FEC1E5}.Debug|Any CPU.ActiveCfg = Debug|Win32
		{B372090C-D3CC-4ADF-A5B4-6DAA46FEC1E5}.Debug|x64.ActiveCfg = Debug|x64
		{B372090C-D3CC-4ADF-A5B4-6DAA46FEC1E5}.Debug|x64.Build.0 = Debug|x64
		{B372090C-D3CC-4ADF-A5B4-6DAA46FEC1E5}.Debug|x86.ActiveCfg = Debug|Win32
		{B372090C-D3CC-4ADF-A5B4-6DAA46FEC1E5}.Debug|x86.Build.0 = Debug|Win32
		{B372090C-D3CC-4ADF-A5B4-6DAA46FEC1E5}.Release|Any CPU.ActiveCfg = Release|Win32
		{B372090C-D3CC-4ADF-A5B4-6DAA46FEC1E5}.Release|x64.ActiveCfg = Release|x64
		{B372090C-D3CC-4ADF-A5B4-6DAA46FEC1E5}.Release|x64.Build.0 = Release|x64
		{B372090C-D3CC-4ADF-A5B4-6DAA46FEC1E5}.Release|x86.ActiveCfg = Release|Win32
		{B372090C-D3CC-4ADF-A5B4-6DAA46FEC1E5}.Release|x86.Build.0 = Release|Win32
		{885D1B97-926B-4BBD-AAAA-407541258D8B}.Debug|Any CPU.ActiveCfg = Debug|Any CPU
		{885D1B97-926B-4BBD-AAAA-407541258D8B}.Debug|x64.ActiveCfg = Debug|Any CPU
		{885D1B97-926B-4BBD-AAAA-407541258D8B}.Debug|x86.ActiveCfg = Debug|Any CPU
		{885D1B97-926B-4BBD-AAAA-407541258D8B}.Release|Any CPU.ActiveCfg = Release|Any CPU
		{885D1B97-926B-4BBD-AAAA-407541258D8B}.Release|x64.ActiveCfg = Release|Any CPU
		{885D1B97-926B-4BBD-AAAA-407541258D8B}.Release|x86.ActiveCfg = Release|Any CPU
	EndGlobalSection
	GlobalSection(SolutionProperties) = preSolution
		HideSolutionNode = FALSE
	EndGlobalSection
	GlobalSection(ExtensibilityGlobals) = postSolution
		SolutionGuid = {FE6127D3-3927-4F0B-9961-D3366ACBD8D3}
	EndGlobalSection
EndGlobal
